
Microsoft Visual Studio Solution File, Format Version 12.00
# Visual Studio Version 16
VisualStudioVersion = 16.0.29806.167
MinimumVisualStudioVersion = 10.0.40219.1
Project("{9A19103F-16F7-4668-BE54-9A1E7A4F7556}") = "RemotiatR.Serializer.Json.Client", "RemotiatR.Serializer.Client.Json\RemotiatR.Serializer.Json.Client.csproj", "{D198F3E0-908F-4D94-AF4E-BA3503C5EC1F}"
EndProject
Project("{9A19103F-16F7-4668-BE54-9A1E7A4F7556}") = "RemotiatR.Serializer.Json.Server", "RemotiatR.Serializer.Server.Json\RemotiatR.Serializer.Json.Server.csproj", "{DD15406F-0CCA-40CF-86D5-D2E6AFC0E790}"
EndProject
Global
	GlobalSection(SolutionConfigurationPlatforms) = preSolution
		Debug|Any CPU = Debug|Any CPU
		Release|Any CPU = Release|Any CPU
	EndGlobalSection
	GlobalSection(ProjectConfigurationPlatforms) = postSolution
		{D198F3E0-908F-4D94-AF4E-BA3503C5EC1F}.Debug|Any CPU.ActiveCfg = Debug|Any CPU
		{D198F3E0-908F-4D94-AF4E-BA3503C5EC1F}.Debug|Any CPU.Build.0 = Debug|Any CPU
		{D198F3E0-908F-4D94-AF4E-BA3503C5EC1F}.Release|Any CPU.ActiveCfg = Release|Any CPU
		{D198F3E0-908F-4D94-AF4E-BA3503C5EC1F}.Release|Any CPU.Build.0 = Release|Any CPU
		{DD15406F-0CCA-40CF-86D5-D2E6AFC0E790}.Debug|Any CPU.ActiveCfg = Debug|Any CPU
		{DD15406F-0CCA-40CF-86D5-D2E6AFC0E790}.Debug|Any CPU.Build.0 = Debug|Any CPU
		{DD15406F-0CCA-40CF-86D5-D2E6AFC0E790}.Release|Any CPU.ActiveCfg = Release|Any CPU
		{DD15406F-0CCA-40CF-86D5-D2E6AFC0E790}.Release|Any CPU.Build.0 = Release|Any CPU
	EndGlobalSection
	GlobalSection(SolutionProperties) = preSolution
		HideSolutionNode = FALSE
	EndGlobalSection
	GlobalSection(ExtensibilityGlobals) = postSolution
		SolutionGuid = {63CA054F-6D1F-4764-8046-7E07FC820761}
	EndGlobalSection
EndGlobal
