
Microsoft Visual Studio Solution File, Format Version 12.00
# Visual Studio Version 16
VisualStudioVersion = 16.0.29806.167
MinimumVisualStudioVersion = 10.0.40219.1
Project("{9A19103F-16F7-4668-BE54-9A1E7A4F7556}") = "RemotiatR.MessageTransport.Http.Client", "Client\RemotiatR.MessageTransport.Http.Client.csproj", "{58B39C90-E4AB-4715-A1FE-A4BF5B27540C}"
EndProject
Project("{9A19103F-16F7-4668-BE54-9A1E7A4F7556}") = "RemotiatR.MessageTransport.Http.Server", "Server\RemotiatR.MessageTransport.Http.Server.csproj", "{2B23B3BF-55C6-4B89-AAF5-A69FDD249D18}"
EndProject
Project("{9A19103F-16F7-4668-BE54-9A1E7A4F7556}") = "RemotiatR.MessageTransport.Http.Shared", "Shared\RemotiatR.MessageTransport.Http.Shared.csproj", "{DFC41DD0-F68B-4C92-808F-B22C0B8FD73F}"
EndProject
Global
	GlobalSection(SolutionConfigurationPlatforms) = preSolution
		Debug|Any CPU = Debug|Any CPU
		Release|Any CPU = Release|Any CPU
	EndGlobalSection
	GlobalSection(ProjectConfigurationPlatforms) = postSolution
		{58B39C90-E4AB-4715-A1FE-A4BF5B27540C}.Debug|Any CPU.ActiveCfg = Debug|Any CPU
		{58B39C90-E4AB-4715-A1FE-A4BF5B27540C}.Debug|Any CPU.Build.0 = Debug|Any CPU
		{58B39C90-E4AB-4715-A1FE-A4BF5B27540C}.Release|Any CPU.ActiveCfg = Release|Any CPU
		{58B39C90-E4AB-4715-A1FE-A4BF5B27540C}.Release|Any CPU.Build.0 = Release|Any CPU
		{2B23B3BF-55C6-4B89-AAF5-A69FDD249D18}.Debug|Any CPU.ActiveCfg = Debug|Any CPU
		{2B23B3BF-55C6-4B89-AAF5-A69FDD249D18}.Debug|Any CPU.Build.0 = Debug|Any CPU
		{2B23B3BF-55C6-4B89-AAF5-A69FDD249D18}.Release|Any CPU.ActiveCfg = Release|Any CPU
		{2B23B3BF-55C6-4B89-AAF5-A69FDD249D18}.Release|Any CPU.Build.0 = Release|Any CPU
		{DFC41DD0-F68B-4C92-808F-B22C0B8FD73F}.Debug|Any CPU.ActiveCfg = Debug|Any CPU
		{DFC41DD0-F68B-4C92-808F-B22C0B8FD73F}.Debug|Any CPU.Build.0 = Debug|Any CPU
		{DFC41DD0-F68B-4C92-808F-B22C0B8FD73F}.Release|Any CPU.ActiveCfg = Release|Any CPU
		{DFC41DD0-F68B-4C92-808F-B22C0B8FD73F}.Release|Any CPU.Build.0 = Release|Any CPU
	EndGlobalSection
	GlobalSection(SolutionProperties) = preSolution
		HideSolutionNode = FALSE
	EndGlobalSection
	GlobalSection(ExtensibilityGlobals) = postSolution
		SolutionGuid = {4E76C9BB-EDE0-4B0B-B70D-935A58543CB3}
	EndGlobalSection
EndGlobal
