
Microsoft Visual Studio Solution File, Format Version 12.00
# Visual Studio Version 16
VisualStudioVersion = 16.0.29806.167
MinimumVisualStudioVersion = 10.0.40219.1
Project("{9A19103F-16F7-4668-BE54-9A1E7A4F7556}") = "RemotiatR.Serializer.Json.Client", "RemotiatR.Serializer.Json\RemotiatR.Serializer.Client.Json\RemotiatR.Serializer.Json.Client.csproj", "{97C9321E-8978-48AE-9A98-01A45392A5FD}"
EndProject
Project("{9A19103F-16F7-4668-BE54-9A1E7A4F7556}") = "RemotiatR.Serializer.Json.Server", "RemotiatR.Serializer.Json\RemotiatR.Serializer.Server.Json\RemotiatR.Serializer.Json.Server.csproj", "{E7C06309-76D4-422E-989F-FAF238921B05}"
EndProject
Global
	GlobalSection(SolutionConfigurationPlatforms) = preSolution
		Debug|Any CPU = Debug|Any CPU
		Release|Any CPU = Release|Any CPU
	EndGlobalSection
	GlobalSection(ProjectConfigurationPlatforms) = postSolution
		{97C9321E-8978-48AE-9A98-01A45392A5FD}.Debug|Any CPU.ActiveCfg = Debug|Any CPU
		{97C9321E-8978-48AE-9A98-01A45392A5FD}.Debug|Any CPU.Build.0 = Debug|Any CPU
		{97C9321E-8978-48AE-9A98-01A45392A5FD}.Release|Any CPU.ActiveCfg = Release|Any CPU
		{97C9321E-8978-48AE-9A98-01A45392A5FD}.Release|Any CPU.Build.0 = Release|Any CPU
		{E7C06309-76D4-422E-989F-FAF238921B05}.Debug|Any CPU.ActiveCfg = Debug|Any CPU
		{E7C06309-76D4-422E-989F-FAF238921B05}.Debug|Any CPU.Build.0 = Debug|Any CPU
		{E7C06309-76D4-422E-989F-FAF238921B05}.Release|Any CPU.ActiveCfg = Release|Any CPU
		{E7C06309-76D4-422E-989F-FAF238921B05}.Release|Any CPU.Build.0 = Release|Any CPU
	EndGlobalSection
	GlobalSection(SolutionProperties) = preSolution
		HideSolutionNode = FALSE
	EndGlobalSection
	GlobalSection(ExtensibilityGlobals) = postSolution
		SolutionGuid = {DFFC6AFD-536F-47CD-8C82-BDA28927E4F7}
	EndGlobalSection
EndGlobal
